
Microsoft Visual Studio Solution File, Format Version 12.00
# Visual Studio 15
VisualStudioVersion = 15.0.27428.2043
MinimumVisualStudioVersion = 10.0.40219.1
Project("{FAE04EC0-301F-11D3-BF4B-00C04F79EFBC}") = "RandomColorGenerator", "RandomColorGenerator.csproj", "{673CB0DD-583A-40CD-B226-DD0D9F647F15}"
EndProject
Global
	GlobalSection(SolutionConfigurationPlatforms) = preSolution
		Debug|Any CPU = Debug|Any CPU
		Release|Any CPU = Release|Any CPU
	EndGlobalSection
	GlobalSection(ProjectConfigurationPlatforms) = postSolution
		{673CB0DD-583A-40CD-B226-DD0D9F647F15}.Debug|Any CPU.ActiveCfg = Debug|Any CPU
		{673CB0DD-583A-40CD-B226-DD0D9F647F15}.Debug|Any CPU.Build.0 = Debug|Any CPU
		{673CB0DD-583A-40CD-B226-DD0D9F647F15}.Release|Any CPU.ActiveCfg = Release|Any CPU
		{673CB0DD-583A-40CD-B226-DD0D9F647F15}.Release|Any CPU.Build.0 = Release|Any CPU
	EndGlobalSection
	GlobalSection(SolutionProperties) = preSolution
		HideSolutionNode = FALSE
	EndGlobalSection
	GlobalSection(ExtensibilityGlobals) = postSolution
		SolutionGuid = {012F074F-A66A-4955-90A2-31DDF5B7BF63}
	EndGlobalSection
EndGlobal
